// !$*UTF8*$!
{
	archiveVersion = 1;
	classes = {
	};
	objectVersion = 51;
	objects = {

/* Begin PBXBuildFile section */
		2D2039AC6C80B1D05303539A /* Pods_BitMasterTest.framework in Frameworks */ = {isa = PBXBuildFile; fileRef = 14CAC3C39576AA71107BA544 /* Pods_BitMasterTest.framework */; };
		A539F49523FD985900FC0493 /* MapViewController.m in Sources */ = {isa = PBXBuildFile; fileRef = A539F49423FD985900FC0493 /* MapViewController.m */; };
		A5ED63EC23FE762E00D0ADB8 /* DependencyContainer.swift in Sources */ = {isa = PBXBuildFile; fileRef = A5ED63EB23FE762E00D0ADB8 /* DependencyContainer.swift */; };
		A5EF58A123FAE67E00A1A5F3 /* AppDelegate.swift in Sources */ = {isa = PBXBuildFile; fileRef = A5EF58A023FAE67E00A1A5F3 /* AppDelegate.swift */; };
		A5EF58A323FAE67E00A1A5F3 /* SceneDelegate.swift in Sources */ = {isa = PBXBuildFile; fileRef = A5EF58A223FAE67E00A1A5F3 /* SceneDelegate.swift */; };
		A5EF58A823FAE67E00A1A5F3 /* Main.storyboard in Resources */ = {isa = PBXBuildFile; fileRef = A5EF58A623FAE67E00A1A5F3 /* Main.storyboard */; };
		A5EF58AA23FAE67F00A1A5F3 /* Assets.xcassets in Resources */ = {isa = PBXBuildFile; fileRef = A5EF58A923FAE67F00A1A5F3 /* Assets.xcassets */; };
		A5EF58AD23FAE67F00A1A5F3 /* LaunchScreen.storyboard in Resources */ = {isa = PBXBuildFile; fileRef = A5EF58AB23FAE67F00A1A5F3 /* LaunchScreen.storyboard */; };
		A5EF58B523FAEBA800A1A5F3 /* RepositoriesTableView.swift in Sources */ = {isa = PBXBuildFile; fileRef = A5EF58B423FAEBA800A1A5F3 /* RepositoriesTableView.swift */; };
		A5EF58B723FAF4DA00A1A5F3 /* APIManager.swift in Sources */ = {isa = PBXBuildFile; fileRef = A5EF58B623FAF4DA00A1A5F3 /* APIManager.swift */; };
		A5EF58BB23FAF5DD00A1A5F3 /* ResponseModel.swift in Sources */ = {isa = PBXBuildFile; fileRef = A5EF58BA23FAF5DD00A1A5F3 /* ResponseModel.swift */; };
		A5EF58C123FAF77F00A1A5F3 /* RepositoriesTableViewModel.swift in Sources */ = {isa = PBXBuildFile; fileRef = A5EF58C023FAF77F00A1A5F3 /* RepositoriesTableViewModel.swift */; };
		A5EF58C323FAFE2900A1A5F3 /* CellView.swift in Sources */ = {isa = PBXBuildFile; fileRef = A5EF58C223FAFE2900A1A5F3 /* CellView.swift */; };
		A5EF58C523FB065F00A1A5F3 /* CellViewModel.swift in Sources */ = {isa = PBXBuildFile; fileRef = A5EF58C423FB065F00A1A5F3 /* CellViewModel.swift */; };
/* End PBXBuildFile section */

/* Begin PBXFileReference section */
		14CAC3C39576AA71107BA544 /* Pods_BitMasterTest.framework */ = {isa = PBXFileReference; explicitFileType = wrapper.framework; includeInIndex = 0; path = Pods_BitMasterTest.framework; sourceTree = BUILT_PRODUCTS_DIR; };
		1AAFD9B699D8FB7749F06051 /* Pods-BitMasterTest.release.xcconfig */ = {isa = PBXFileReference; includeInIndex = 1; lastKnownFileType = text.xcconfig; name = "Pods-BitMasterTest.release.xcconfig"; path = "Target Support Files/Pods-BitMasterTest/Pods-BitMasterTest.release.xcconfig"; sourceTree = "<group>"; };
		A539F49223FD985800FC0493 /* BitMasterTest-Bridging-Header.h */ = {isa = PBXFileReference; lastKnownFileType = sourcecode.c.h; path = "BitMasterTest-Bridging-Header.h"; sourceTree = "<group>"; };
		A539F49323FD985900FC0493 /* MapViewController.h */ = {isa = PBXFileReference; lastKnownFileType = sourcecode.c.h; path = MapViewController.h; sourceTree = "<group>"; };
		A539F49423FD985900FC0493 /* MapViewController.m */ = {isa = PBXFileReference; lastKnownFileType = sourcecode.c.objc; path = MapViewController.m; sourceTree = "<group>"; };
		A5ED63EB23FE762E00D0ADB8 /* DependencyContainer.swift */ = {isa = PBXFileReference; lastKnownFileType = sourcecode.swift; path = DependencyContainer.swift; sourceTree = "<group>"; };
		A5EF589D23FAE67E00A1A5F3 /* BitMasterTest.app */ = {isa = PBXFileReference; explicitFileType = wrapper.application; includeInIndex = 0; path = BitMasterTest.app; sourceTree = BUILT_PRODUCTS_DIR; };
		A5EF58A023FAE67E00A1A5F3 /* AppDelegate.swift */ = {isa = PBXFileReference; lastKnownFileType = sourcecode.swift; path = AppDelegate.swift; sourceTree = "<group>"; };
		A5EF58A223FAE67E00A1A5F3 /* SceneDelegate.swift */ = {isa = PBXFileReference; lastKnownFileType = sourcecode.swift; path = SceneDelegate.swift; sourceTree = "<group>"; };
		A5EF58A723FAE67E00A1A5F3 /* Base */ = {isa = PBXFileReference; lastKnownFileType = file.storyboard; name = Base; path = Base.lproj/Main.storyboard; sourceTree = "<group>"; };
		A5EF58A923FAE67F00A1A5F3 /* Assets.xcassets */ = {isa = PBXFileReference; lastKnownFileType = folder.assetcatalog; path = Assets.xcassets; sourceTree = "<group>"; };
		A5EF58AC23FAE67F00A1A5F3 /* Base */ = {isa = PBXFileReference; lastKnownFileType = file.storyboard; name = Base; path = Base.lproj/LaunchScreen.storyboard; sourceTree = "<group>"; };
		A5EF58AE23FAE67F00A1A5F3 /* Info.plist */ = {isa = PBXFileReference; lastKnownFileType = text.plist.xml; path = Info.plist; sourceTree = "<group>"; };
		A5EF58B423FAEBA800A1A5F3 /* RepositoriesTableView.swift */ = {isa = PBXFileReference; lastKnownFileType = sourcecode.swift; path = RepositoriesTableView.swift; sourceTree = "<group>"; };
		A5EF58B623FAF4DA00A1A5F3 /* APIManager.swift */ = {isa = PBXFileReference; lastKnownFileType = sourcecode.swift; path = APIManager.swift; sourceTree = "<group>"; };
		A5EF58BA23FAF5DD00A1A5F3 /* ResponseModel.swift */ = {isa = PBXFileReference; lastKnownFileType = sourcecode.swift; path = ResponseModel.swift; sourceTree = "<group>"; };
		A5EF58C023FAF77F00A1A5F3 /* RepositoriesTableViewModel.swift */ = {isa = PBXFileReference; lastKnownFileType = sourcecode.swift; path = RepositoriesTableViewModel.swift; sourceTree = "<group>"; };
		A5EF58C223FAFE2900A1A5F3 /* CellView.swift */ = {isa = PBXFileReference; lastKnownFileType = sourcecode.swift; path = CellView.swift; sourceTree = "<group>"; };
		A5EF58C423FB065F00A1A5F3 /* CellViewModel.swift */ = {isa = PBXFileReference; lastKnownFileType = sourcecode.swift; path = CellViewModel.swift; sourceTree = "<group>"; };
		EB33CC43B8D56469403CC109 /* Pods-BitMasterTest.debug.xcconfig */ = {isa = PBXFileReference; includeInIndex = 1; lastKnownFileType = text.xcconfig; name = "Pods-BitMasterTest.debug.xcconfig"; path = "Target Support Files/Pods-BitMasterTest/Pods-BitMasterTest.debug.xcconfig"; sourceTree = "<group>"; };
/* End PBXFileReference section */

/* Begin PBXFrameworksBuildPhase section */
		A5EF589A23FAE67E00A1A5F3 /* Frameworks */ = {
			isa = PBXFrameworksBuildPhase;
			buildActionMask = 2147483647;
			files = (
				2D2039AC6C80B1D05303539A /* Pods_BitMasterTest.framework in Frameworks */,
			);
			runOnlyForDeploymentPostprocessing = 0;
		};
/* End PBXFrameworksBuildPhase section */

/* Begin PBXGroup section */
		6ED64F3F5F7AE7136475C406 /* Pods */ = {
			isa = PBXGroup;
			children = (
				EB33CC43B8D56469403CC109 /* Pods-BitMasterTest.debug.xcconfig */,
				1AAFD9B699D8FB7749F06051 /* Pods-BitMasterTest.release.xcconfig */,
			);
			path = Pods;
			sourceTree = "<group>";
		};
		A539F49123FD982D00FC0493 /* Map */ = {
			isa = PBXGroup;
			children = (
				A539F49323FD985900FC0493 /* MapViewController.h */,
				A539F49423FD985900FC0493 /* MapViewController.m */,
				A539F49223FD985800FC0493 /* BitMasterTest-Bridging-Header.h */,
			);
			path = Map;
			sourceTree = "<group>";
		};
		A5EF589423FAE67E00A1A5F3 = {
			isa = PBXGroup;
			children = (
				A5EF589F23FAE67E00A1A5F3 /* BitMasterTest */,
				A5EF589E23FAE67E00A1A5F3 /* Products */,
				6ED64F3F5F7AE7136475C406 /* Pods */,
				F0519786F5EBAF5EB4A4F44D /* Frameworks */,
			);
			sourceTree = "<group>";
		};
		A5EF589E23FAE67E00A1A5F3 /* Products */ = {
			isa = PBXGroup;
			children = (
				A5EF589D23FAE67E00A1A5F3 /* BitMasterTest.app */,
			);
			name = Products;
			sourceTree = "<group>";
		};
		A5EF589F23FAE67E00A1A5F3 /* BitMasterTest */ = {
			isa = PBXGroup;
			children = (
				A5EF58A023FAE67E00A1A5F3 /* AppDelegate.swift */,
				A5EF58A223FAE67E00A1A5F3 /* SceneDelegate.swift */,
				A5ED63EB23FE762E00D0ADB8 /* DependencyContainer.swift */,
				A5EF58B923FAF5B600A1A5F3 /* Services */,
				A5EF58B823FAF5A700A1A5F3 /* Model */,
				A5EF58BC23FAF72C00A1A5F3 /* View */,
				A5EF58BF23FAF74E00A1A5F3 /* ViewModel */,
				A5EF58A623FAE67E00A1A5F3 /* Main.storyboard */,
				A5EF58A923FAE67F00A1A5F3 /* Assets.xcassets */,
				A5EF58AB23FAE67F00A1A5F3 /* LaunchScreen.storyboard */,
				A5EF58AE23FAE67F00A1A5F3 /* Info.plist */,
			);
			path = BitMasterTest;
			sourceTree = "<group>";
		};
		A5EF58B823FAF5A700A1A5F3 /* Model */ = {
			isa = PBXGroup;
			children = (
				A5EF58BA23FAF5DD00A1A5F3 /* ResponseModel.swift */,
			);
			path = Model;
			sourceTree = "<group>";
		};
		A5EF58B923FAF5B600A1A5F3 /* Services */ = {
			isa = PBXGroup;
			children = (
				A5EF58B623FAF4DA00A1A5F3 /* APIManager.swift */,
			);
			path = Services;
			sourceTree = "<group>";
		};
		A5EF58BC23FAF72C00A1A5F3 /* View */ = {
			isa = PBXGroup;
			children = (
				A539F49123FD982D00FC0493 /* Map */,
				A5EF58B423FAEBA800A1A5F3 /* RepositoriesTableView.swift */,
				A5EF58C223FAFE2900A1A5F3 /* CellView.swift */,
			);
			path = View;
			sourceTree = "<group>";
		};
		A5EF58BF23FAF74E00A1A5F3 /* ViewModel */ = {
			isa = PBXGroup;
			children = (
				A5EF58C023FAF77F00A1A5F3 /* RepositoriesTableViewModel.swift */,
				A5EF58C423FB065F00A1A5F3 /* CellViewModel.swift */,
			);
			path = ViewModel;
			sourceTree = "<group>";
		};
		F0519786F5EBAF5EB4A4F44D /* Frameworks */ = {
			isa = PBXGroup;
			children = (
				14CAC3C39576AA71107BA544 /* Pods_BitMasterTest.framework */,
			);
			name = Frameworks;
			sourceTree = "<group>";
		};
/* End PBXGroup section */

/* Begin PBXNativeTarget section */
		A5EF589C23FAE67E00A1A5F3 /* BitMasterTest */ = {
			isa = PBXNativeTarget;
			buildConfigurationList = A5EF58B123FAE67F00A1A5F3 /* Build configuration list for PBXNativeTarget "BitMasterTest" */;
			buildPhases = (
				76563F9210EC299F311BEE4D /* [CP] Check Pods Manifest.lock */,
				A5EF589923FAE67E00A1A5F3 /* Sources */,
				A5EF589A23FAE67E00A1A5F3 /* Frameworks */,
				A5EF589B23FAE67E00A1A5F3 /* Resources */,
				DCD2E719603FF2412E0A80E5 /* [CP] Copy Pods Resources */,
			);
			buildRules = (
			);
			dependencies = (
			);
			name = BitMasterTest;
			productName = BitMasterTest;
			productReference = A5EF589D23FAE67E00A1A5F3 /* BitMasterTest.app */;
			productType = "com.apple.product-type.application";
		};
/* End PBXNativeTarget section */

/* Begin PBXProject section */
		A5EF589523FAE67E00A1A5F3 /* Project object */ = {
			isa = PBXProject;
			attributes = {
				LastSwiftUpdateCheck = 1130;
				LastUpgradeCheck = 1130;
				ORGANIZATIONNAME = Daniil;
				TargetAttributes = {
					A5EF589C23FAE67E00A1A5F3 = {
						CreatedOnToolsVersion = 11.3.1;
						LastSwiftMigration = 1130;
					};
				};
			};
			buildConfigurationList = A5EF589823FAE67E00A1A5F3 /* Build configuration list for PBXProject "BitMasterTest" */;
			compatibilityVersion = "Xcode 9.3";
			developmentRegion = en;
			hasScannedForEncodings = 0;
			knownRegions = (
				en,
				Base,
			);
			mainGroup = A5EF589423FAE67E00A1A5F3;
			productRefGroup = A5EF589E23FAE67E00A1A5F3 /* Products */;
			projectDirPath = "";
			projectRoot = "";
			targets = (
				A5EF589C23FAE67E00A1A5F3 /* BitMasterTest */,
			);
		};
/* End PBXProject section */

/* Begin PBXResourcesBuildPhase section */
		A5EF589B23FAE67E00A1A5F3 /* Resources */ = {
			isa = PBXResourcesBuildPhase;
			buildActionMask = 2147483647;
			files = (
				A5EF58AD23FAE67F00A1A5F3 /* LaunchScreen.storyboard in Resources */,
				A5EF58AA23FAE67F00A1A5F3 /* Assets.xcassets in Resources */,
				A5EF58A823FAE67E00A1A5F3 /* Main.storyboard in Resources */,
			);
			runOnlyForDeploymentPostprocessing = 0;
		};
/* End PBXResourcesBuildPhase section */

/* Begin PBXShellScriptBuildPhase section */
		76563F9210EC299F311BEE4D /* [CP] Check Pods Manifest.lock */ = {
			isa = PBXShellScriptBuildPhase;
			buildActionMask = 2147483647;
			files = (
			);
			inputFileListPaths = (
			);
			inputPaths = (
				"${PODS_PODFILE_DIR_PATH}/Podfile.lock",
				"${PODS_ROOT}/Manifest.lock",
			);
			name = "[CP] Check Pods Manifest.lock";
			outputFileListPaths = (
			);
			outputPaths = (
				"$(DERIVED_FILE_DIR)/Pods-BitMasterTest-checkManifestLockResult.txt",
			);
			runOnlyForDeploymentPostprocessing = 0;
			shellPath = /bin/sh;
			shellScript = "diff \"${PODS_PODFILE_DIR_PATH}/Podfile.lock\" \"${PODS_ROOT}/Manifest.lock\" > /dev/null\nif [ $? != 0 ] ; then\n    # print error to STDERR\n    echo \"error: The sandbox is not in sync with the Podfile.lock. Run 'pod install' or update your CocoaPods installation.\" >&2\n    exit 1\nfi\n# This output is used by Xcode 'outputs' to avoid re-running this script phase.\necho \"SUCCESS\" > \"${SCRIPT_OUTPUT_FILE_0}\"\n";
			showEnvVarsInLog = 0;
		};
		DCD2E719603FF2412E0A80E5 /* [CP] Copy Pods Resources */ = {
			isa = PBXShellScriptBuildPhase;
			buildActionMask = 2147483647;
			files = (
			);
			inputFileListPaths = (
				"${PODS_ROOT}/Target Support Files/Pods-BitMasterTest/Pods-BitMasterTest-resources-${CONFIGURATION}-input-files.xcfilelist",
			);
			name = "[CP] Copy Pods Resources";
			outputFileListPaths = (
				"${PODS_ROOT}/Target Support Files/Pods-BitMasterTest/Pods-BitMasterTest-resources-${CONFIGURATION}-output-files.xcfilelist",
			);
			runOnlyForDeploymentPostprocessing = 0;
			shellPath = /bin/sh;
			shellScript = "\"${PODS_ROOT}/Target Support Files/Pods-BitMasterTest/Pods-BitMasterTest-resources.sh\"\n";
			showEnvVarsInLog = 0;
		};
/* End PBXShellScriptBuildPhase section */

/* Begin PBXSourcesBuildPhase section */
		A5EF589923FAE67E00A1A5F3 /* Sources */ = {
			isa = PBXSourcesBuildPhase;
			buildActionMask = 2147483647;
			files = (
				A5EF58C123FAF77F00A1A5F3 /* RepositoriesTableViewModel.swift in Sources */,
				A5EF58B723FAF4DA00A1A5F3 /* APIManager.swift in Sources */,
				A5EF58C523FB065F00A1A5F3 /* CellViewModel.swift in Sources */,
				A539F49523FD985900FC0493 /* MapViewController.m in Sources */,
				A5EF58B523FAEBA800A1A5F3 /* RepositoriesTableView.swift in Sources */,
				A5EF58A123FAE67E00A1A5F3 /* AppDelegate.swift in Sources */,
				A5ED63EC23FE762E00D0ADB8 /* DependencyContainer.swift in Sources */,
				A5EF58BB23FAF5DD00A1A5F3 /* ResponseModel.swift in Sources */,
				A5EF58A323FAE67E00A1A5F3 /* SceneDelegate.swift in Sources */,
				A5EF58C323FAFE2900A1A5F3 /* CellView.swift in Sources */,
			);
			runOnlyForDeploymentPostprocessing = 0;
		};
/* End PBXSourcesBuildPhase section */

/* Begin PBXVariantGroup section */
		A5EF58A623FAE67E00A1A5F3 /* Main.storyboard */ = {
			isa = PBXVariantGroup;
			children = (
				A5EF58A723FAE67E00A1A5F3 /* Base */,
			);
			name = Main.storyboard;
			sourceTree = "<group>";
		};
		A5EF58AB23FAE67F00A1A5F3 /* LaunchScreen.storyboard */ = {
			isa = PBXVariantGroup;
			children = (
				A5EF58AC23FAE67F00A1A5F3 /* Base */,
			);
			name = LaunchScreen.storyboard;
			sourceTree = "<group>";
		};
/* End PBXVariantGroup section */

/* Begin XCBuildConfiguration section */
		A5EF58AF23FAE67F00A1A5F3 /* Debug */ = {
			isa = XCBuildConfiguration;
			buildSettings = {
				ALWAYS_SEARCH_USER_PATHS = NO;
				CLANG_ANALYZER_NONNULL = YES;
				CLANG_ANALYZER_NUMBER_OBJECT_CONVERSION = YES_AGGRESSIVE;
				CLANG_CXX_LANGUAGE_STANDARD = "gnu++14";
				CLANG_CXX_LIBRARY = "libc++";
				CLANG_ENABLE_MODULES = YES;
				CLANG_ENABLE_OBJC_ARC = YES;
				CLANG_ENABLE_OBJC_WEAK = YES;
				CLANG_WARN_BLOCK_CAPTURE_AUTORELEASING = YES;
				CLANG_WARN_BOOL_CONVERSION = YES;
				CLANG_WARN_COMMA = YES;
				CLANG_WARN_CONSTANT_CONVERSION = YES;
				CLANG_WARN_DEPRECATED_OBJC_IMPLEMENTATIONS = YES;
				CLANG_WARN_DIRECT_OBJC_ISA_USAGE = YES_ERROR;
				CLANG_WARN_DOCUMENTATION_COMMENTS = YES;
				CLANG_WARN_EMPTY_BODY = YES;
				CLANG_WARN_ENUM_CONVERSION = YES;
				CLANG_WARN_INFINITE_RECURSION = YES;
				CLANG_WARN_INT_CONVERSION = YES;
				CLANG_WARN_NON_LITERAL_NULL_CONVERSION = YES;
				CLANG_WARN_OBJC_IMPLICIT_RETAIN_SELF = YES;
				CLANG_WARN_OBJC_LITERAL_CONVERSION = YES;
				CLANG_WARN_OBJC_ROOT_CLASS = YES_ERROR;
				CLANG_WARN_RANGE_LOOP_ANALYSIS = YES;
				CLANG_WARN_STRICT_PROTOTYPES = YES;
				CLANG_WARN_SUSPICIOUS_MOVE = YES;
				CLANG_WARN_UNGUARDED_AVAILABILITY = YES_AGGRESSIVE;
				CLANG_WARN_UNREACHABLE_CODE = YES;
				CLANG_WARN__DUPLICATE_METHOD_MATCH = YES;
				COPY_PHASE_STRIP = NO;
				DEBUG_INFORMATION_FORMAT = dwarf;
				ENABLE_STRICT_OBJC_MSGSEND = YES;
				ENABLE_TESTABILITY = YES;
				GCC_C_LANGUAGE_STANDARD = gnu11;
				GCC_DYNAMIC_NO_PIC = NO;
				GCC_NO_COMMON_BLOCKS = YES;
				GCC_OPTIMIZATION_LEVEL = 0;
				GCC_PREPROCESSOR_DEFINITIONS = (
					"DEBUG=1",
					"$(inherited)",
				);
				GCC_WARN_64_TO_32_BIT_CONVERSION = YES;
				GCC_WARN_ABOUT_RETURN_TYPE = YES_ERROR;
				GCC_WARN_UNDECLARED_SELECTOR = YES;
				GCC_WARN_UNINITIALIZED_AUTOS = YES_AGGRESSIVE;
				GCC_WARN_UNUSED_FUNCTION = YES;
				GCC_WARN_UNUSED_VARIABLE = YES;
				IPHONEOS_DEPLOYMENT_TARGET = 13.2;
				MTL_ENABLE_DEBUG_INFO = INCLUDE_SOURCE;
				MTL_FAST_MATH = YES;
				ONLY_ACTIVE_ARCH = YES;
				SDKROOT = iphoneos;
				SWIFT_ACTIVE_COMPILATION_CONDITIONS = DEBUG;
				SWIFT_OPTIMIZATION_LEVEL = "-Onone";
			};
			name = Debug;
		};
		A5EF58B023FAE67F00A1A5F3 /* Release */ = {
			isa = XCBuildConfiguration;
			buildSettings = {
				ALWAYS_SEARCH_USER_PATHS = NO;
				CLANG_ANALYZER_NONNULL = YES;
				CLANG_ANALYZER_NUMBER_OBJECT_CONVERSION = YES_AGGRESSIVE;
				CLANG_CXX_LANGUAGE_STANDARD = "gnu++14";
				CLANG_CXX_LIBRARY = "libc++";
				CLANG_ENABLE_MODULES = YES;
				CLANG_ENABLE_OBJC_ARC = YES;
				CLANG_ENABLE_OBJC_WEAK = YES;
				CLANG_WARN_BLOCK_CAPTURE_AUTORELEASING = YES;
				CLANG_WARN_BOOL_CONVERSION = YES;
				CLANG_WARN_COMMA = YES;
				CLANG_WARN_CONSTANT_CONVERSION = YES;
				CLANG_WARN_DEPRECATED_OBJC_IMPLEMENTATIONS = YES;
				CLANG_WARN_DIRECT_OBJC_ISA_USAGE = YES_ERROR;
				CLANG_WARN_DOCUMENTATION_COMMENTS = YES;
				CLANG_WARN_EMPTY_BODY = YES;
				CLANG_WARN_ENUM_CONVERSION = YES;
				CLANG_WARN_INFINITE_RECURSION = YES;
				CLANG_WARN_INT_CONVERSION = YES;
				CLANG_WARN_NON_LITERAL_NULL_CONVERSION = YES;
				CLANG_WARN_OBJC_IMPLICIT_RETAIN_SELF = YES;
				CLANG_WARN_OBJC_LITERAL_CONVERSION = YES;
				CLANG_WARN_OBJC_ROOT_CLASS = YES_ERROR;
				CLANG_WARN_RANGE_LOOP_ANALYSIS = YES;
				CLANG_WARN_STRICT_PROTOTYPES = YES;
				CLANG_WARN_SUSPICIOUS_MOVE = YES;
				CLANG_WARN_UNGUARDED_AVAILABILITY = YES_AGGRESSIVE;
				CLANG_WARN_UNREACHABLE_CODE = YES;
				CLANG_WARN__DUPLICATE_METHOD_MATCH = YES;
				COPY_PHASE_STRIP = NO;
				DEBUG_INFORMATION_FORMAT = "dwarf-with-dsym";
				ENABLE_NS_ASSERTIONS = NO;
				ENABLE_STRICT_OBJC_MSGSEND = YES;
				GCC_C_LANGUAGE_STANDARD = gnu11;
				GCC_NO_COMMON_BLOCKS = YES;
				GCC_WARN_64_TO_32_BIT_CONVERSION = YES;
				GCC_WARN_ABOUT_RETURN_TYPE = YES_ERROR;
				GCC_WARN_UNDECLARED_SELECTOR = YES;
				GCC_WARN_UNINITIALIZED_AUTOS = YES_AGGRESSIVE;
				GCC_WARN_UNUSED_FUNCTION = YES;
				GCC_WARN_UNUSED_VARIABLE = YES;
				IPHONEOS_DEPLOYMENT_TARGET = 13.2;
				MTL_ENABLE_DEBUG_INFO = NO;
				MTL_FAST_MATH = YES;
				SDKROOT = iphoneos;
				SWIFT_COMPILATION_MODE = wholemodule;
				SWIFT_OPTIMIZATION_LEVEL = "-O";
				VALIDATE_PRODUCT = YES;
			};
			name = Release;
		};
		A5EF58B223FAE67F00A1A5F3 /* Debug */ = {
			isa = XCBuildConfiguration;
			baseConfigurationReference = EB33CC43B8D56469403CC109 /* Pods-BitMasterTest.debug.xcconfig */;
			buildSettings = {
				ASSETCATALOG_COMPILER_APPICON_NAME = AppIcon;
				CLANG_ENABLE_MODULES = YES;
				CODE_SIGN_STYLE = Automatic;
				INFOPLIST_FILE = BitMasterTest/Info.plist;
				LD_RUNPATH_SEARCH_PATHS = (
					"$(inherited)",
					"@executable_path/Frameworks",
				);
				PRODUCT_BUNDLE_IDENTIFIER = learning.BitMasterTest;
				PRODUCT_NAME = "$(TARGET_NAME)";
				SWIFT_OBJC_BRIDGING_HEADER = "BitMasterTest/View/Map/BitMasterTest-Bridging-Header.h";
				SWIFT_OPTIMIZATION_LEVEL = "-Onone";
				SWIFT_VERSION = 5.0;
				TARGETED_DEVICE_FAMILY = "1,2";
			};
			name = Debug;
		};
		A5EF58B323FAE67F00A1A5F3 /* Release */ = {
			isa = XCBuildConfiguration;
			baseConfigurationReference = 1AAFD9B699D8FB7749F06051 /* Pods-BitMasterTest.release.xcconfig */;
			buildSettings = {
				ASSETCATALOG_COMPILER_APPICON_NAME = AppIcon;
				CLANG_ENABLE_MODULES = YES;
				CODE_SIGN_STYLE = Automatic;
				INFOPLIST_FILE = BitMasterTest/Info.plist;
				LD_RUNPATH_SEARCH_PATHS = (
					"$(inherited)",
					"@executable_path/Frameworks",
				);
				PRODUCT_BUNDLE_IDENTIFIER = learning.BitMasterTest;
				PRODUCT_NAME = "$(TARGET_NAME)";
				SWIFT_OBJC_BRIDGING_HEADER = "BitMasterTest/View/Map/BitMasterTest-Bridging-Header.h";
				SWIFT_VERSION = 5.0;
				TARGETED_DEVICE_FAMILY = "1,2";
			};
			name = Release;
		};
/* End XCBuildConfiguration section */

/* Begin XCConfigurationList section */
		A5EF589823FAE67E00A1A5F3 /* Build configuration list for PBXProject "BitMasterTest" */ = {
			isa = XCConfigurationList;
			buildConfigurations = (
				A5EF58AF23FAE67F00A1A5F3 /* Debug */,
				A5EF58B023FAE67F00A1A5F3 /* Release */,
			);
			defaultConfigurationIsVisible = 0;
			defaultConfigurationName = Release;
		};
		A5EF58B123FAE67F00A1A5F3 /* Build configuration list for PBXNativeTarget "BitMasterTest" */ = {
			isa = XCConfigurationList;
			buildConfigurations = (
				A5EF58B223FAE67F00A1A5F3 /* Debug */,
				A5EF58B323FAE67F00A1A5F3 /* Release */,
			);
			defaultConfigurationIsVisible = 0;
			defaultConfigurationName = Release;
		};
/* End XCConfigurationList section */
	};
	rootObject = A5EF589523FAE67E00A1A5F3 /* Project object */;
}
