// !$*UTF8*$!
{
	archiveVersion = 1;
	classes = {
	};
	objectVersion = 50;
	objects = {

/* Begin PBXBuildFile section */
		A5EF58A123FAE67E00A1A5F3 /* AppDelegate.swift in Sources */ = {isa = PBXBuildFile; fileRef = A5EF58A023FAE67E00A1A5F3 /* AppDelegate.swift */; };
		A5EF58A323FAE67E00A1A5F3 /* SceneDelegate.swift in Sources */ = {isa = PBXBuildFile; fileRef = A5EF58A223FAE67E00A1A5F3 /* SceneDelegate.swift */; };
		A5EF58A523FAE67E00A1A5F3 /* ViewController.swift in Sources */ = {isa = PBXBuildFile; fileRef = A5EF58A423FAE67E00A1A5F3 /* ViewController.swift */; };
		A5EF58A823FAE67E00A1A5F3 /* Main.storyboard in Resources */ = {isa = PBXBuildFile; fileRef = A5EF58A623FAE67E00A1A5F3 /* Main.storyboard */; };
		A5EF58AA23FAE67F00A1A5F3 /* Assets.xcassets in Resources */ = {isa = PBXBuildFile; fileRef = A5EF58A923FAE67F00A1A5F3 /* Assets.xcassets */; };
		A5EF58AD23FAE67F00A1A5F3 /* LaunchScreen.storyboard in Resources */ = {isa = PBXBuildFile; fileRef = A5EF58AB23FAE67F00A1A5F3 /* LaunchScreen.storyboard */; };
/* End PBXBuildFile section */

/* Begin PBXFileReference section */
		A5EF589D23FAE67E00A1A5F3 /* BitMasterTest.app */ = {isa = PBXFileReference; explicitFileType = wrapper.application; includeInIndex = 0; path = BitMasterTest.app; sourceTree = BUILT_PRODUCTS_DIR; };
		A5EF58A023FAE67E00A1A5F3 /* AppDelegate.swift */ = {isa = PBXFileReference; lastKnownFileType = sourcecode.swift; path = AppDelegate.swift; sourceTree = "<group>"; };
		A5EF58A223FAE67E00A1A5F3 /* SceneDelegate.swift */ = {isa = PBXFileReference; lastKnownFileType = sourcecode.swift; path = SceneDelegate.swift; sourceTree = "<group>"; };
		A5EF58A423FAE67E00A1A5F3 /* ViewController.swift */ = {isa = PBXFileReference; lastKnownFileType = sourcecode.swift; path = ViewController.swift; sourceTree = "<group>"; };
		A5EF58A723FAE67E00A1A5F3 /* Base */ = {isa = PBXFileReference; lastKnownFileType = file.storyboard; name = Base; path = Base.lproj/Main.storyboard; sourceTree = "<group>"; };
		A5EF58A923FAE67F00A1A5F3 /* Assets.xcassets */ = {isa = PBXFileReference; lastKnownFileType = folder.assetcatalog; path = Assets.xcassets; sourceTree = "<group>"; };
		A5EF58AC23FAE67F00A1A5F3 /* Base */ = {isa = PBXFileReference; lastKnownFileType = file.storyboard; name = Base; path = Base.lproj/LaunchScreen.storyboard; sourceTree = "<group>"; };
		A5EF58AE23FAE67F00A1A5F3 /* Info.plist */ = {isa = PBXFileReference; lastKnownFileType = text.plist.xml; path = Info.plist; sourceTree = "<group>"; };
/* End PBXFileReference section */

/* Begin PBXFrameworksBuildPhase section */
		A5EF589A23FAE67E00A1A5F3 /* Frameworks */ = {
			isa = PBXFrameworksBuildPhase;
			buildActionMask = 2147483647;
			files = (
			);
			runOnlyForDeploymentPostprocessing = 0;
		};
/* End PBXFrameworksBuildPhase section */

/* Begin PBXGroup section */
		A5EF589423FAE67E00A1A5F3 = {
			isa = PBXGroup;
			children = (
				A5EF589F23FAE67E00A1A5F3 /* BitMasterTest */,
				A5EF589E23FAE67E00A1A5F3 /* Products */,
			);
			sourceTree = "<group>";
		};
		A5EF589E23FAE67E00A1A5F3 /* Products */ = {
			isa = PBXGroup;
			children = (
				A5EF589D23FAE67E00A1A5F3 /* BitMasterTest.app */,
			);
			name = Products;
			sourceTree = "<group>";
		};
		A5EF589F23FAE67E00A1A5F3 /* BitMasterTest */ = {
			isa = PBXGroup;
			children = (
				A5EF58A023FAE67E00A1A5F3 /* AppDelegate.swift */,
				A5EF58A223FAE67E00A1A5F3 /* SceneDelegate.swift */,
				A5EF58A423FAE67E00A1A5F3 /* ViewController.swift */,
				A5EF58A623FAE67E00A1A5F3 /* Main.storyboard */,
				A5EF58A923FAE67F00A1A5F3 /* Assets.xcassets */,
				A5EF58AB23FAE67F00A1A5F3 /* LaunchScreen.storyboard */,
				A5EF58AE23FAE67F00A1A5F3 /* Info.plist */,
			);
			path = BitMasterTest;
			sourceTree = "<group>";
		};
/* End PBXGroup section */

/* Begin PBXNativeTarget section */
		A5EF589C23FAE67E00A1A5F3 /* BitMasterTest */ = {
			isa = PBXNativeTarget;
			buildConfigurationList = A5EF58B123FAE67F00A1A5F3 /* Build configuration list for PBXNativeTarget "BitMasterTest" */;
			buildPhases = (
				A5EF589923FAE67E00A1A5F3 /* Sources */,
				A5EF589A23FAE67E00A1A5F3 /* Frameworks */,
				A5EF589B23FAE67E00A1A5F3 /* Resources */,
			);
			buildRules = (
			);
			dependencies = (
			);
			name = BitMasterTest;
			productName = BitMasterTest;
			productReference = A5EF589D23FAE67E00A1A5F3 /* BitMasterTest.app */;
			productType = "com.apple.product-type.application";
		};
/* End PBXNativeTarget section */

/* Begin PBXProject section */
		A5EF589523FAE67E00A1A5F3 /* Project object */ = {
			isa = PBXProject;
			attributes = {
				LastSwiftUpdateCheck = 1130;
				LastUpgradeCheck = 1130;
				ORGANIZATIONNAME = Daniil;
				TargetAttributes = {
					A5EF589C23FAE67E00A1A5F3 = {
						CreatedOnToolsVersion = 11.3.1;
					};
				};
			};
			buildConfigurationList = A5EF589823FAE67E00A1A5F3 /* Build configuration list for PBXProject "BitMasterTest" */;
			compatibilityVersion = "Xcode 9.3";
			developmentRegion = en;
			hasScannedForEncodings = 0;
			knownRegions = (
				en,
				Base,
			);
			mainGroup = A5EF589423FAE67E00A1A5F3;
			productRefGroup = A5EF589E23FAE67E00A1A5F3 /* Products */;
			projectDirPath = "";
			projectRoot = "";
			targets = (
				A5EF589C23FAE67E00A1A5F3 /* BitMasterTest */,
			);
		};
/* End PBXProject section */

/* Begin PBXResourcesBuildPhase section */
		A5EF589B23FAE67E00A1A5F3 /* Resources */ = {
			isa = PBXResourcesBuildPhase;
			buildActionMask = 2147483647;
			files = (
				A5EF58AD23FAE67F00A1A5F3 /* LaunchScreen.storyboard in Resources */,
				A5EF58AA23FAE67F00A1A5F3 /* Assets.xcassets in Resources */,
				A5EF58A823FAE67E00A1A5F3 /* Main.storyboard in Resources */,
			);
			runOnlyForDeploymentPostprocessing = 0;
		};
/* End PBXResourcesBuildPhase section */

/* Begin PBXSourcesBuildPhase section */
		A5EF589923FAE67E00A1A5F3 /* Sources */ = {
			isa = PBXSourcesBuildPhase;
			buildActionMask = 2147483647;
			files = (
				A5EF58A523FAE67E00A1A5F3 /* ViewController.swift in Sources */,
				A5EF58A123FAE67E00A1A5F3 /* AppDelegate.swift in Sources */,
				A5EF58A323FAE67E00A1A5F3 /* SceneDelegate.swift in Sources */,
			);
			runOnlyForDeploymentPostprocessing = 0;
		};
/* End PBXSourcesBuildPhase section */

/* Begin PBXVariantGroup section */
		A5EF58A623FAE67E00A1A5F3 /* Main.storyboard */ = {
			isa = PBXVariantGroup;
			children = (
				A5EF58A723FAE67E00A1A5F3 /* Base */,
			);
			name = Main.storyboard;
			sourceTree = "<group>";
		};
		A5EF58AB23FAE67F00A1A5F3 /* LaunchScreen.storyboard */ = {
			isa = PBXVariantGroup;
			children = (
				A5EF58AC23FAE67F00A1A5F3 /* Base */,
			);
			name = LaunchScreen.storyboard;
			sourceTree = "<group>";
		};
/* End PBXVariantGroup section */

/* Begin XCBuildConfiguration section */
		A5EF58AF23FAE67F00A1A5F3 /* Debug */ = {
			isa = XCBuildConfiguration;
			buildSettings = {
				ALWAYS_SEARCH_USER_PATHS = NO;
				CLANG_ANALYZER_NONNULL = YES;
				CLANG_ANALYZER_NUMBER_OBJECT_CONVERSION = YES_AGGRESSIVE;
				CLANG_CXX_LANGUAGE_STANDARD = "gnu++14";
				CLANG_CXX_LIBRARY = "libc++";
				CLANG_ENABLE_MODULES = YES;
				CLANG_ENABLE_OBJC_ARC = YES;
				CLANG_ENABLE_OBJC_WEAK = YES;
				CLANG_WARN_BLOCK_CAPTURE_AUTORELEASING = YES;
				CLANG_WARN_BOOL_CONVERSION = YES;
				CLANG_WARN_COMMA = YES;
				CLANG_WARN_CONSTANT_CONVERSION = YES;
				CLANG_WARN_DEPRECATED_OBJC_IMPLEMENTATIONS = YES;
				CLANG_WARN_DIRECT_OBJC_ISA_USAGE = YES_ERROR;
				CLANG_WARN_DOCUMENTATION_COMMENTS = YES;
				CLANG_WARN_EMPTY_BODY = YES;
				CLANG_WARN_ENUM_CONVERSION = YES;
				CLANG_WARN_INFINITE_RECURSION = YES;
				CLANG_WARN_INT_CONVERSION = YES;
				CLANG_WARN_NON_LITERAL_NULL_CONVERSION = YES;
				CLANG_WARN_OBJC_IMPLICIT_RETAIN_SELF = YES;
				CLANG_WARN_OBJC_LITERAL_CONVERSION = YES;
				CLANG_WARN_OBJC_ROOT_CLASS = YES_ERROR;
				CLANG_WARN_RANGE_LOOP_ANALYSIS = YES;
				CLANG_WARN_STRICT_PROTOTYPES = YES;
				CLANG_WARN_SUSPICIOUS_MOVE = YES;
				CLANG_WARN_UNGUARDED_AVAILABILITY = YES_AGGRESSIVE;
				CLANG_WARN_UNREACHABLE_CODE = YES;
				CLANG_WARN__DUPLICATE_METHOD_MATCH = YES;
				COPY_PHASE_STRIP = NO;
				DEBUG_INFORMATION_FORMAT = dwarf;
				ENABLE_STRICT_OBJC_MSGSEND = YES;
				ENABLE_TESTABILITY = YES;
				GCC_C_LANGUAGE_STANDARD = gnu11;
				GCC_DYNAMIC_NO_PIC = NO;
				GCC_NO_COMMON_BLOCKS = YES;
				GCC_OPTIMIZATION_LEVEL = 0;
				GCC_PREPROCESSOR_DEFINITIONS = (
					"DEBUG=1",
					"$(inherited)",
				);
				GCC_WARN_64_TO_32_BIT_CONVERSION = YES;
				GCC_WARN_ABOUT_RETURN_TYPE = YES_ERROR;
				GCC_WARN_UNDECLARED_SELECTOR = YES;
				GCC_WARN_UNINITIALIZED_AUTOS = YES_AGGRESSIVE;
				GCC_WARN_UNUSED_FUNCTION = YES;
				GCC_WARN_UNUSED_VARIABLE = YES;
				IPHONEOS_DEPLOYMENT_TARGET = 13.2;
				MTL_ENABLE_DEBUG_INFO = INCLUDE_SOURCE;
				MTL_FAST_MATH = YES;
				ONLY_ACTIVE_ARCH = YES;
				SDKROOT = iphoneos;
				SWIFT_ACTIVE_COMPILATION_CONDITIONS = DEBUG;
				SWIFT_OPTIMIZATION_LEVEL = "-Onone";
			};
			name = Debug;
		};
		A5EF58B023FAE67F00A1A5F3 /* Release */ = {
			isa = XCBuildConfiguration;
			buildSettings = {
				ALWAYS_SEARCH_USER_PATHS = NO;
				CLANG_ANALYZER_NONNULL = YES;
				CLANG_ANALYZER_NUMBER_OBJECT_CONVERSION = YES_AGGRESSIVE;
				CLANG_CXX_LANGUAGE_STANDARD = "gnu++14";
				CLANG_CXX_LIBRARY = "libc++";
				CLANG_ENABLE_MODULES = YES;
				CLANG_ENABLE_OBJC_ARC = YES;
				CLANG_ENABLE_OBJC_WEAK = YES;
				CLANG_WARN_BLOCK_CAPTURE_AUTORELEASING = YES;
				CLANG_WARN_BOOL_CONVERSION = YES;
				CLANG_WARN_COMMA = YES;
				CLANG_WARN_CONSTANT_CONVERSION = YES;
				CLANG_WARN_DEPRECATED_OBJC_IMPLEMENTATIONS = YES;
				CLANG_WARN_DIRECT_OBJC_ISA_USAGE = YES_ERROR;
				CLANG_WARN_DOCUMENTATION_COMMENTS = YES;
				CLANG_WARN_EMPTY_BODY = YES;
				CLANG_WARN_ENUM_CONVERSION = YES;
				CLANG_WARN_INFINITE_RECURSION = YES;
				CLANG_WARN_INT_CONVERSION = YES;
				CLANG_WARN_NON_LITERAL_NULL_CONVERSION = YES;
				CLANG_WARN_OBJC_IMPLICIT_RETAIN_SELF = YES;
				CLANG_WARN_OBJC_LITERAL_CONVERSION = YES;
				CLANG_WARN_OBJC_ROOT_CLASS = YES_ERROR;
				CLANG_WARN_RANGE_LOOP_ANALYSIS = YES;
				CLANG_WARN_STRICT_PROTOTYPES = YES;
				CLANG_WARN_SUSPICIOUS_MOVE = YES;
				CLANG_WARN_UNGUARDED_AVAILABILITY = YES_AGGRESSIVE;
				CLANG_WARN_UNREACHABLE_CODE = YES;
				CLANG_WARN__DUPLICATE_METHOD_MATCH = YES;
				COPY_PHASE_STRIP = NO;
				DEBUG_INFORMATION_FORMAT = "dwarf-with-dsym";
				ENABLE_NS_ASSERTIONS = NO;
				ENABLE_STRICT_OBJC_MSGSEND = YES;
				GCC_C_LANGUAGE_STANDARD = gnu11;
				GCC_NO_COMMON_BLOCKS = YES;
				GCC_WARN_64_TO_32_BIT_CONVERSION = YES;
				GCC_WARN_ABOUT_RETURN_TYPE = YES_ERROR;
				GCC_WARN_UNDECLARED_SELECTOR = YES;
				GCC_WARN_UNINITIALIZED_AUTOS = YES_AGGRESSIVE;
				GCC_WARN_UNUSED_FUNCTION = YES;
				GCC_WARN_UNUSED_VARIABLE = YES;
				IPHONEOS_DEPLOYMENT_TARGET = 13.2;
				MTL_ENABLE_DEBUG_INFO = NO;
				MTL_FAST_MATH = YES;
				SDKROOT = iphoneos;
				SWIFT_COMPILATION_MODE = wholemodule;
				SWIFT_OPTIMIZATION_LEVEL = "-O";
				VALIDATE_PRODUCT = YES;
			};
			name = Release;
		};
		A5EF58B223FAE67F00A1A5F3 /* Debug */ = {
			isa = XCBuildConfiguration;
			buildSettings = {
				ASSETCATALOG_COMPILER_APPICON_NAME = AppIcon;
				CODE_SIGN_STYLE = Automatic;
				INFOPLIST_FILE = BitMasterTest/Info.plist;
				LD_RUNPATH_SEARCH_PATHS = (
					"$(inherited)",
					"@executable_path/Frameworks",
				);
				PRODUCT_BUNDLE_IDENTIFIER = learning.BitMasterTest;
				PRODUCT_NAME = "$(TARGET_NAME)";
				SWIFT_VERSION = 5.0;
				TARGETED_DEVICE_FAMILY = "1,2";
			};
			name = Debug;
		};
		A5EF58B323FAE67F00A1A5F3 /* Release */ = {
			isa = XCBuildConfiguration;
			buildSettings = {
				ASSETCATALOG_COMPILER_APPICON_NAME = AppIcon;
				CODE_SIGN_STYLE = Automatic;
				INFOPLIST_FILE = BitMasterTest/Info.plist;
				LD_RUNPATH_SEARCH_PATHS = (
					"$(inherited)",
					"@executable_path/Frameworks",
				);
				PRODUCT_BUNDLE_IDENTIFIER = learning.BitMasterTest;
				PRODUCT_NAME = "$(TARGET_NAME)";
				SWIFT_VERSION = 5.0;
				TARGETED_DEVICE_FAMILY = "1,2";
			};
			name = Release;
		};
/* End XCBuildConfiguration section */

/* Begin XCConfigurationList section */
		A5EF589823FAE67E00A1A5F3 /* Build configuration list for PBXProject "BitMasterTest" */ = {
			isa = XCConfigurationList;
			buildConfigurations = (
				A5EF58AF23FAE67F00A1A5F3 /* Debug */,
				A5EF58B023FAE67F00A1A5F3 /* Release */,
			);
			defaultConfigurationIsVisible = 0;
			defaultConfigurationName = Release;
		};
		A5EF58B123FAE67F00A1A5F3 /* Build configuration list for PBXNativeTarget "BitMasterTest" */ = {
			isa = XCConfigurationList;
			buildConfigurations = (
				A5EF58B223FAE67F00A1A5F3 /* Debug */,
				A5EF58B323FAE67F00A1A5F3 /* Release */,
			);
			defaultConfigurationIsVisible = 0;
			defaultConfigurationName = Release;
		};
/* End XCConfigurationList section */
	};
	rootObject = A5EF589523FAE67E00A1A5F3 /* Project object */;
}
